dependencies:
- name: kube-state-metrics
  repository: https://kubernetes-charts.storage.googleapis.com/
  version: 2.8.11
- name: prometheus-node-exporter
  repository: https://kubernetes-charts.storage.googleapis.com/
  version: 1.11.0
- name: grafana
  repository: https://kubernetes-charts.storage.googleapis.com/
  version: 5.3.0
digest: sha256:81fa6f6c3a449e25cd7bf17fc89f4164c8ad085281d5aed1dc2b4b0726e16b35
generated: "2020-06-29T10:42:01.900566+02:00"
